
Microsoft Visual Studio Solution File, Format Version 12.00
# Visual Studio Version 17
VisualStudioVersion = 17.2.32616.157
MinimumVisualStudioVersion = 10.0.40219.1
Project("{FAE04EC0-301F-11D3-BF4B-00C04F79EFBC}") = "Task 1", "Lesson 3\Task 1.csproj", "{A31DA88B-A1E1-4E28-9FEE-1390F0C491C5}"
EndProject
Project("{FAE04EC0-301F-11D3-BF4B-00C04F79EFBC}") = "Task 2", "Task 2\Task 2.csproj", "{694562A6-B532-46CA-A718-5D7DB36E1D74}"
EndProject
Global
	GlobalSection(SolutionConfigurationPlatforms) = preSolution
		Debug|Any CPU = Debug|Any CPU
		Release|Any CPU = Release|Any CPU
	EndGlobalSection
	GlobalSection(ProjectConfigurationPlatforms) = postSolution
		{A31DA88B-A1E1-4E28-9FEE-1390F0C491C5}.Debug|Any CPU.ActiveCfg = Debug|Any CPU
		{A31DA88B-A1E1-4E28-9FEE-1390F0C491C5}.Debug|Any CPU.Build.0 = Debug|Any CPU
		{A31DA88B-A1E1-4E28-9FEE-1390F0C491C5}.Release|Any CPU.ActiveCfg = Release|Any CPU
		{A31DA88B-A1E1-4E28-9FEE-1390F0C491C5}.Release|Any CPU.Build.0 = Release|Any CPU
		{694562A6-B532-46CA-A718-5D7DB36E1D74}.Debug|Any CPU.ActiveCfg = Debug|Any CPU
		{694562A6-B532-46CA-A718-5D7DB36E1D74}.Debug|Any CPU.Build.0 = Debug|Any CPU
		{694562A6-B532-46CA-A718-5D7DB36E1D74}.Release|Any CPU.ActiveCfg = Release|Any CPU
		{694562A6-B532-46CA-A718-5D7DB36E1D74}.Release|Any CPU.Build.0 = Release|Any CPU
	EndGlobalSection
	GlobalSection(SolutionProperties) = preSolution
		HideSolutionNode = FALSE
	EndGlobalSection
	GlobalSection(ExtensibilityGlobals) = postSolution
		SolutionGuid = {63300863-B902-4517-AC25-354E163064B3}
	EndGlobalSection
EndGlobal
